
Microsoft Visual Studio Solution File, Format Version 12.00
# Visual Studio Version 16
VisualStudioVersion = 16.0.31205.134
MinimumVisualStudioVersion = 10.0.40219.1
Project("{FAE04EC0-301F-11D3-BF4B-00C04F79EFBC}") = "task_Dop", "task_Dop\task_Dop.csproj", "{928E4ACE-FF9D-4C5C-B780-35847714A4AF}"
EndProject
Global
	GlobalSection(SolutionConfigurationPlatforms) = preSolution
		Debug|Any CPU = Debug|Any CPU
		Release|Any CPU = Release|Any CPU
	EndGlobalSection
	GlobalSection(ProjectConfigurationPlatforms) = postSolution
		{928E4ACE-FF9D-4C5C-B780-35847714A4AF}.Debug|Any CPU.ActiveCfg = Debug|Any CPU
		{928E4ACE-FF9D-4C5C-B780-35847714A4AF}.Debug|Any CPU.Build.0 = Debug|Any CPU
		{928E4ACE-FF9D-4C5C-B780-35847714A4AF}.Release|Any CPU.ActiveCfg = Release|Any CPU
		{928E4ACE-FF9D-4C5C-B780-35847714A4AF}.Release|Any CPU.Build.0 = Release|Any CPU
	EndGlobalSection
	GlobalSection(SolutionProperties) = preSolution
		HideSolutionNode = FALSE
	EndGlobalSection
	GlobalSection(ExtensibilityGlobals) = postSolution
		SolutionGuid = {22951C6D-87DD-4EB5-B7DD-6F452F7AD256}
	EndGlobalSection
EndGlobal
