
Microsoft Visual Studio Solution File, Format Version 12.00
# Visual Studio Version 16
VisualStudioVersion = 16.0.31229.75
MinimumVisualStudioVersion = 10.0.40219.1
Project("{FAE04EC0-301F-11D3-BF4B-00C04F79EFBC}") = "task", "task\task.csproj", "{0BAD38C7-F4AA-487C-995A-F15F14230BF3}"
EndProject
Global
	GlobalSection(SolutionConfigurationPlatforms) = preSolution
		Debug|Any CPU = Debug|Any CPU
		Release|Any CPU = Release|Any CPU
	EndGlobalSection
	GlobalSection(ProjectConfigurationPlatforms) = postSolution
		{0BAD38C7-F4AA-487C-995A-F15F14230BF3}.Debug|Any CPU.ActiveCfg = Debug|Any CPU
		{0BAD38C7-F4AA-487C-995A-F15F14230BF3}.Debug|Any CPU.Build.0 = Debug|Any CPU
		{0BAD38C7-F4AA-487C-995A-F15F14230BF3}.Release|Any CPU.ActiveCfg = Release|Any CPU
		{0BAD38C7-F4AA-487C-995A-F15F14230BF3}.Release|Any CPU.Build.0 = Release|Any CPU
	EndGlobalSection
	GlobalSection(SolutionProperties) = preSolution
		HideSolutionNode = FALSE
	EndGlobalSection
	GlobalSection(ExtensibilityGlobals) = postSolution
		SolutionGuid = {79D06D89-2AAF-4E29-9281-9F037A2890F4}
	EndGlobalSection
EndGlobal
