
Microsoft Visual Studio Solution File, Format Version 12.00
# Visual Studio Version 16
VisualStudioVersion = 16.0.31205.134
MinimumVisualStudioVersion = 10.0.40219.1
Project("{FAE04EC0-301F-11D3-BF4B-00C04F79EFBC}") = "task_2", "task_2\task_2.csproj", "{1D5A8C9D-7C40-463C-9EBE-5CD94EE2F832}"
EndProject
Global
	GlobalSection(SolutionConfigurationPlatforms) = preSolution
		Debug|Any CPU = Debug|Any CPU
		Release|Any CPU = Release|Any CPU
	EndGlobalSection
	GlobalSection(ProjectConfigurationPlatforms) = postSolution
		{1D5A8C9D-7C40-463C-9EBE-5CD94EE2F832}.Debug|Any CPU.ActiveCfg = Debug|Any CPU
		{1D5A8C9D-7C40-463C-9EBE-5CD94EE2F832}.Debug|Any CPU.Build.0 = Debug|Any CPU
		{1D5A8C9D-7C40-463C-9EBE-5CD94EE2F832}.Release|Any CPU.ActiveCfg = Release|Any CPU
		{1D5A8C9D-7C40-463C-9EBE-5CD94EE2F832}.Release|Any CPU.Build.0 = Release|Any CPU
	EndGlobalSection
	GlobalSection(SolutionProperties) = preSolution
		HideSolutionNode = FALSE
	EndGlobalSection
	GlobalSection(ExtensibilityGlobals) = postSolution
		SolutionGuid = {85543D71-1E58-4F5B-9D05-882ECAE9F3D4}
	EndGlobalSection
EndGlobal
